<?xml version="1.0" encoding="utf-8"?>
<Project ToolsVersion="4.0" xmlns="http://schemas.microsoft.com/developer/msbuild/2003">
  <ItemGroup>
    <Filter Include="Source Files">
      <UniqueIdentifier>{4FC737F1-C7A5-4376-A066-2A32D752A2FF}</UniqueIdentifier>
      <Extensions>cpp;c;cc;cxx;c++;cppm;ixx;def;odl;idl;hpj;bat;asm;asmx</Extensions>
    </Filter>
    <Filter Include="Header Files">
      <UniqueIdentifier>{93995380-89BD-4b04-88EB-625FBE52EBFB}</UniqueIdentifier>
      <Extensions>h;hh;hpp;hxx;h++;hm;inl;inc;ipp;xsd</Extensions>
    </Filter>
    <Filter Include="Resource Files">
      <UniqueIdentifier>{67DA6AB6-F800-4c08-8B7A-83BB121AAD01}</UniqueIdentifier>
      <Extensions>rc;ico;cur;bmp;dlg;rc2;rct;bin;rgs;gif;jpg;jpeg;jpe;resx;tiff;tif;png;wav;mfcribbon-ms</Extensions>
    </Filter>
    <Filter Include="Header Files\BoardElement">
      <UniqueIdentifier>{2032a03a-9402-4494-bc99-509a9f8ff070}</UniqueIdentifier>
    </Filter>
    <Filter Include="Header Files\Timing">
      <UniqueIdentifier>{2f8cd3b8-0172-4029-aa5f-b2d57ba0dff2}</UniqueIdentifier>
    </Filter>
  </ItemGroup>
  <ItemGroup>
    <ClCompile Include="pixelChess.cpp">
      <Filter>Source Files</Filter>
    </ClCompile>
  </ItemGroup>
  <ItemGroup>
    <ClInclude Include="Game.h">
      <Filter>Header Files</Filter>
    </ClInclude>
    <ClInclude Include="GameHistory.h">
      <Filter>Header Files</Filter>
    </ClInclude>
    <ClInclude Include="InputHandler.h">
      <Filter>Header Files</Filter>
    </ClInclude>
    <ClInclude Include="Position.h">
      <Filter>Header Files</Filter>
    </ClInclude>
    <ClInclude Include="Settings.h">
      <Filter>Header Files</Filter>
    </ClInclude>
    <ClInclude Include="Figures.h">
      <Filter>Header Files\BoardElement</Filter>
    </ClInclude>
    <ClInclude Include="Piece.h">
      <Filter>Header Files\BoardElement</Filter>
    </ClInclude>
    <ClInclude Include="FENHandler.h">
      <Filter>Header Files</Filter>
    </ClInclude>
    <ClInclude Include="GameVariables.h">
      <Filter>Header Files</Filter>
    </ClInclude>
    <ClInclude Include="PieceTypes.h">
      <Filter>Header Files\BoardElement</Filter>
    </ClInclude>
    <ClInclude Include="Timestamp.h">
      <Filter>Header Files\Timing</Filter>
    </ClInclude>
    <ClInclude Include="Clock.h">
      <Filter>Header Files\Timing</Filter>
    </ClInclude>
  </ItemGroup>
</Project>